
Microsoft Visual Studio Solution File, Format Version 12.00
# Visual Studio 15
Project("{FAE04EC0-301F-11D3-BF4B-00C04F79EFBC}") = "Mirror", "Mirror.csproj", "{453A3FCE-5C16-2126-7AED-7C4371D74BA6}"
EndProject
Project("{FAE04EC0-301F-11D3-BF4B-00C04F79EFBC}") = "SimpleWebTransport", "SimpleWebTransport.csproj", "{513557E2-BBB7-1EA4-E21D-E1BE7F6F1984}"
EndProject
Project("{FAE04EC0-301F-11D3-BF4B-00C04F79EFBC}") = "Mirror.Examples", "Mirror.Examples.csproj", "{85942AED-4B1B-6A53-97AC-9C4C9612B879}"
EndProject
Project("{FAE04EC0-301F-11D3-BF4B-00C04F79EFBC}") = "Mirror.Components", "Mirror.Components.csproj", "{0F2CC664-0688-233A-B646-20E782452CD5}"
EndProject
Project("{FAE04EC0-301F-11D3-BF4B-00C04F79EFBC}") = "kcp2k", "kcp2k.csproj", "{8CD162DD-294D-BE88-A49C-72A09B73A77F}"
EndProject
Project("{FAE04EC0-301F-11D3-BF4B-00C04F79EFBC}") = "Telepathy", "Telepathy.csproj", "{D1434C71-E288-068A-0545-4CBC5FFC196F}"
EndProject
Project("{FAE04EC0-301F-11D3-BF4B-00C04F79EFBC}") = "Mirror.Authenticators", "Mirror.Authenticators.csproj", "{0AA3C5F6-4B24-9F96-1C33-AD41FBAB5612}"
EndProject
Project("{FAE04EC0-301F-11D3-BF4B-00C04F79EFBC}") = "where-allocations", "where-allocations.csproj", "{6CE58780-5A59-D65A-E624-A5C2DA91E1A7}"
EndProject
Project("{FAE04EC0-301F-11D3-BF4B-00C04F79EFBC}") = "Assembly-CSharp", "Assembly-CSharp.csproj", "{C06AD7D7-EE31-420E-D829-7CD9C72269E5}"
EndProject
Project("{FAE04EC0-301F-11D3-BF4B-00C04F79EFBC}") = "Unity.Mirror.CodeGen", "Unity.Mirror.CodeGen.csproj", "{CEF8A464-4B7D-2DD2-BD71-EE1B97C41B5E}"
EndProject
Project("{FAE04EC0-301F-11D3-BF4B-00C04F79EFBC}") = "Mirror.Editor", "Mirror.Editor.csproj", "{AF6997D9-96F9-1A2F-3FD5-BFB643FE34BA}"
EndProject
Project("{FAE04EC0-301F-11D3-BF4B-00C04F79EFBC}") = "Mirror.CompilerSymbols", "Mirror.CompilerSymbols.csproj", "{36E0F062-97AA-AF02-41DD-E93EDFAEC2D4}"
EndProject
Global
	GlobalSection(SolutionConfigurationPlatforms) = preSolution
		Debug|Any CPU = Debug|Any CPU
		Release|Any CPU = Release|Any CPU
	EndGlobalSection
	GlobalSection(ProjectConfigurationPlatforms) = postSolution
		{453A3FCE-5C16-2126-7AED-7C4371D74BA6}.Debug|Any CPU.ActiveCfg = Debug|Any CPU
		{453A3FCE-5C16-2126-7AED-7C4371D74BA6}.Debug|Any CPU.Build.0 = Debug|Any CPU
		{453A3FCE-5C16-2126-7AED-7C4371D74BA6}.Release|Any CPU.ActiveCfg = Release|Any CPU
		{453A3FCE-5C16-2126-7AED-7C4371D74BA6}.Release|Any CPU.Build.0 = Release|Any CPU
		{513557E2-BBB7-1EA4-E21D-E1BE7F6F1984}.Debug|Any CPU.ActiveCfg = Debug|Any CPU
		{513557E2-BBB7-1EA4-E21D-E1BE7F6F1984}.Debug|Any CPU.Build.0 = Debug|Any CPU
		{513557E2-BBB7-1EA4-E21D-E1BE7F6F1984}.Release|Any CPU.ActiveCfg = Release|Any CPU
		{513557E2-BBB7-1EA4-E21D-E1BE7F6F1984}.Release|Any CPU.Build.0 = Release|Any CPU
		{85942AED-4B1B-6A53-97AC-9C4C9612B879}.Debug|Any CPU.ActiveCfg = Debug|Any CPU
		{85942AED-4B1B-6A53-97AC-9C4C9612B879}.Debug|Any CPU.Build.0 = Debug|Any CPU
		{85942AED-4B1B-6A53-97AC-9C4C9612B879}.Release|Any CPU.ActiveCfg = Release|Any CPU
		{85942AED-4B1B-6A53-97AC-9C4C9612B879}.Release|Any CPU.Build.0 = Release|Any CPU
		{0F2CC664-0688-233A-B646-20E782452CD5}.Debug|Any CPU.ActiveCfg = Debug|Any CPU
		{0F2CC664-0688-233A-B646-20E782452CD5}.Debug|Any CPU.Build.0 = Debug|Any CPU
		{0F2CC664-0688-233A-B646-20E782452CD5}.Release|Any CPU.ActiveCfg = Release|Any CPU
		{0F2CC664-0688-233A-B646-20E782452CD5}.Release|Any CPU.Build.0 = Release|Any CPU
		{8CD162DD-294D-BE88-A49C-72A09B73A77F}.Debug|Any CPU.ActiveCfg = Debug|Any CPU
		{8CD162DD-294D-BE88-A49C-72A09B73A77F}.Debug|Any CPU.Build.0 = Debug|Any CPU
		{8CD162DD-294D-BE88-A49C-72A09B73A77F}.Release|Any CPU.ActiveCfg = Release|Any CPU
		{8CD162DD-294D-BE88-A49C-72A09B73A77F}.Release|Any CPU.Build.0 = Release|Any CPU
		{D1434C71-E288-068A-0545-4CBC5FFC196F}.Debug|Any CPU.ActiveCfg = Debug|Any CPU
		{D1434C71-E288-068A-0545-4CBC5FFC196F}.Debug|Any CPU.Build.0 = Debug|Any CPU
		{D1434C71-E288-068A-0545-4CBC5FFC196F}.Release|Any CPU.ActiveCfg = Release|Any CPU
		{D1434C71-E288-068A-0545-4CBC5FFC196F}.Release|Any CPU.Build.0 = Release|Any CPU
		{0AA3C5F6-4B24-9F96-1C33-AD41FBAB5612}.Debug|Any CPU.ActiveCfg = Debug|Any CPU
		{0AA3C5F6-4B24-9F96-1C33-AD41FBAB5612}.Debug|Any CPU.Build.0 = Debug|Any CPU
		{0AA3C5F6-4B24-9F96-1C33-AD41FBAB5612}.Release|Any CPU.ActiveCfg = Release|Any CPU
		{0AA3C5F6-4B24-9F96-1C33-AD41FBAB5612}.Release|Any CPU.Build.0 = Release|Any CPU
		{6CE58780-5A59-D65A-E624-A5C2DA91E1A7}.Debug|Any CPU.ActiveCfg = Debug|Any CPU
		{6CE58780-5A59-D65A-E624-A5C2DA91E1A7}.Debug|Any CPU.Build.0 = Debug|Any CPU
		{6CE58780-5A59-D65A-E624-A5C2DA91E1A7}.Release|Any CPU.ActiveCfg = Release|Any CPU
		{6CE58780-5A59-D65A-E624-A5C2DA91E1A7}.Release|Any CPU.Build.0 = Release|Any CPU
		{C06AD7D7-EE31-420E-D829-7CD9C72269E5}.Debug|Any CPU.ActiveCfg = Debug|Any CPU
		{C06AD7D7-EE31-420E-D829-7CD9C72269E5}.Debug|Any CPU.Build.0 = Debug|Any CPU
		{C06AD7D7-EE31-420E-D829-7CD9C72269E5}.Release|Any CPU.ActiveCfg = Release|Any CPU
		{C06AD7D7-EE31-420E-D829-7CD9C72269E5}.Release|Any CPU.Build.0 = Release|Any CPU
		{CEF8A464-4B7D-2DD2-BD71-EE1B97C41B5E}.Debug|Any CPU.ActiveCfg = Debug|Any CPU
		{CEF8A464-4B7D-2DD2-BD71-EE1B97C41B5E}.Debug|Any CPU.Build.0 = Debug|Any CPU
		{CEF8A464-4B7D-2DD2-BD71-EE1B97C41B5E}.Release|Any CPU.ActiveCfg = Release|Any CPU
		{CEF8A464-4B7D-2DD2-BD71-EE1B97C41B5E}.Release|Any CPU.Build.0 = Release|Any CPU
		{AF6997D9-96F9-1A2F-3FD5-BFB643FE34BA}.Debug|Any CPU.ActiveCfg = Debug|Any CPU
		{AF6997D9-96F9-1A2F-3FD5-BFB643FE34BA}.Debug|Any CPU.Build.0 = Debug|Any CPU
		{AF6997D9-96F9-1A2F-3FD5-BFB643FE34BA}.Release|Any CPU.ActiveCfg = Release|Any CPU
		{AF6997D9-96F9-1A2F-3FD5-BFB643FE34BA}.Release|Any CPU.Build.0 = Release|Any CPU
		{36E0F062-97AA-AF02-41DD-E93EDFAEC2D4}.Debug|Any CPU.ActiveCfg = Debug|Any CPU
		{36E0F062-97AA-AF02-41DD-E93EDFAEC2D4}.Debug|Any CPU.Build.0 = Debug|Any CPU
		{36E0F062-97AA-AF02-41DD-E93EDFAEC2D4}.Release|Any CPU.ActiveCfg = Release|Any CPU
		{36E0F062-97AA-AF02-41DD-E93EDFAEC2D4}.Release|Any CPU.Build.0 = Release|Any CPU
	EndGlobalSection
	GlobalSection(SolutionProperties) = preSolution
		HideSolutionNode = FALSE
	EndGlobalSection
EndGlobal
